
Microsoft Visual Studio Solution File, Format Version 12.00
# Visual Studio Version 17
VisualStudioVersion = 17.5.33516.290
MinimumVisualStudioVersion = 10.0.40219.1
Project("{FAE04EC0-301F-11D3-BF4B-00C04F79EFBC}") = "WinFormsApp3", "WinFormsApp3\WinFormsApp3.csproj", "{ACEAF017-ACC2-4CFA-AE9D-C18F2709E01F}"
EndProject
Global
	GlobalSection(SolutionConfigurationPlatforms) = preSolution
		Debug|Any CPU = Debug|Any CPU
		Release|Any CPU = Release|Any CPU
	EndGlobalSection
	GlobalSection(ProjectConfigurationPlatforms) = postSolution
		{ACEAF017-ACC2-4CFA-AE9D-C18F2709E01F}.Debug|Any CPU.ActiveCfg = Debug|Any CPU
		{ACEAF017-ACC2-4CFA-AE9D-C18F2709E01F}.Debug|Any CPU.Build.0 = Debug|Any CPU
		{ACEAF017-ACC2-4CFA-AE9D-C18F2709E01F}.Release|Any CPU.ActiveCfg = Release|Any CPU
		{ACEAF017-ACC2-4CFA-AE9D-C18F2709E01F}.Release|Any CPU.Build.0 = Release|Any CPU
	EndGlobalSection
	GlobalSection(SolutionProperties) = preSolution
		HideSolutionNode = FALSE
	EndGlobalSection
	GlobalSection(ExtensibilityGlobals) = postSolution
		SolutionGuid = {3B8954DC-0ED2-4E20-8720-3B827B60295A}
	EndGlobalSection
EndGlobal
